{
  "name": "ricks-bricks",
  "version": "1.0.1",
  "lockfileVersion": 1,
  "requires": true,
  "dependencies": {
    "mvt": {
      "version": "3.0.0",
      "resolved": "https://registry.npmjs.org/mvt/-/mvt-3.0.0.tgz",
      "integrity": "sha512-pbFyYB98CmzUbfBVRo6B45T9mEPnRwVeHJ3Su7BamwvdpMZLOBn7gwVYByylp0T+eJ18v5PZu8N2S5vvWoqwXA==",
      "dev": true
    },
    "pico-ms": {
      "version": "1.1.1",
      "resolved": "https://registry.npmjs.org/pico-ms/-/pico-ms-1.1.1.tgz",
      "integrity": "sha512-OvVprWeeFUqpz/LEU3RF32+uNFAxHpPQM5s17IRgJdfWEuw5X+T15EnsR/yIZqlnhpJoPxR3SK2sX32gdTn2/A==",
      "dev": true
    }
  }
}
